
Microsoft Visual Studio Solution File, Format Version 12.00
# Visual Studio Version 17
VisualStudioVersion = 17.8.34525.116
MinimumVisualStudioVersion = 10.0.40219.1
Project("{9A19103F-16F7-4668-BE54-9A1E7A4F7556}") = "tech_lab1_task2", "tech_lab1_task2\tech_lab1_task2.csproj", "{1ACCA402-6172-4CDC-B288-B14AAB91BDDD}"
EndProject
Project("{FAE04EC0-301F-11D3-BF4B-00C04F79EFBC}") = "tech_lab1_task2Tests", "tech_lab1_task2Tests\tech_lab1_task2Tests.csproj", "{3F745374-47B1-4B2A-A538-94FEF10D5930}"
EndProject
Global
	GlobalSection(SolutionConfigurationPlatforms) = preSolution
		Debug|Any CPU = Debug|Any CPU
		Release|Any CPU = Release|Any CPU
	EndGlobalSection
	GlobalSection(ProjectConfigurationPlatforms) = postSolution
		{1ACCA402-6172-4CDC-B288-B14AAB91BDDD}.Debug|Any CPU.ActiveCfg = Debug|Any CPU
		{1ACCA402-6172-4CDC-B288-B14AAB91BDDD}.Debug|Any CPU.Build.0 = Debug|Any CPU
		{1ACCA402-6172-4CDC-B288-B14AAB91BDDD}.Release|Any CPU.ActiveCfg = Release|Any CPU
		{1ACCA402-6172-4CDC-B288-B14AAB91BDDD}.Release|Any CPU.Build.0 = Release|Any CPU
		{3F745374-47B1-4B2A-A538-94FEF10D5930}.Debug|Any CPU.ActiveCfg = Debug|Any CPU
		{3F745374-47B1-4B2A-A538-94FEF10D5930}.Debug|Any CPU.Build.0 = Debug|Any CPU
		{3F745374-47B1-4B2A-A538-94FEF10D5930}.Release|Any CPU.ActiveCfg = Release|Any CPU
		{3F745374-47B1-4B2A-A538-94FEF10D5930}.Release|Any CPU.Build.0 = Release|Any CPU
	EndGlobalSection
	GlobalSection(SolutionProperties) = preSolution
		HideSolutionNode = FALSE
	EndGlobalSection
	GlobalSection(ExtensibilityGlobals) = postSolution
		SolutionGuid = {F96CE324-2FC1-4DDC-93F6-1E140C10DFCE}
	EndGlobalSection
EndGlobal
